
Microsoft Visual Studio Solution File, Format Version 12.00
# Visual Studio Version 17
VisualStudioVersion = 17.0.31903.59
MinimumVisualStudioVersion = 10.0.40219.1
Project("{9A19103F-16F7-4668-BE54-9A1E7A4F7556}") = "LStorage", "src\LStorage\LStorage.csproj", "{3428FFEC-8BD6-4BBF-9F4E-2F778F89BF55}"
EndProject
Project("{2150E333-8FDC-42A3-9474-1A3956D46DE8}") = "src", "src", "{1751F76F-3941-4274-A479-AB00CA71A365}"
EndProject
Project("{2150E333-8FDC-42A3-9474-1A3956D46DE8}") = "docs", "docs", "{181005EF-8FBF-45ED-9660-A137B51A7B22}"
	ProjectSection(SolutionItems) = preProject
		README.md = README.md
	EndProjectSection
EndProject
Project("{2150E333-8FDC-42A3-9474-1A3956D46DE8}") = "tests", "tests", "{20DA92C4-A389-4BE5-9F9F-4A149958B4D2}"
EndProject
Project("{9A19103F-16F7-4668-BE54-9A1E7A4F7556}") = "LStorage.Test", "tests\LStorage.Test\LStorage.Test.csproj", "{662A3465-09AC-4703-BBA7-806BC2BF57C7}"
EndProject
Project("{2150E333-8FDC-42A3-9474-1A3956D46DE8}") = "shotsnaps", "shotsnaps", "{DBF3B43F-3D00-4D70-9A03-E492F71CE936}"
	ProjectSection(SolutionItems) = preProject
		shotsnaps\example-01.png = shotsnaps\example-01.png
		shotsnaps\example-02.png = shotsnaps\example-02.png
		shotsnaps\example-03.png = shotsnaps\example-03.png
		shotsnaps\example-04.png = shotsnaps\example-04.png
		shotsnaps\example-05.png = shotsnaps\example-05.png
		shotsnaps\terms-01.png = shotsnaps\terms-01.png
		shotsnaps\terms-02.png = shotsnaps\terms-02.png
		shotsnaps\terms-04.png = shotsnaps\terms-04.png
	EndProjectSection
EndProject
Global
	GlobalSection(SolutionConfigurationPlatforms) = preSolution
		Debug|Any CPU = Debug|Any CPU
		Release|Any CPU = Release|Any CPU
	EndGlobalSection
	GlobalSection(ProjectConfigurationPlatforms) = postSolution
		{3428FFEC-8BD6-4BBF-9F4E-2F778F89BF55}.Debug|Any CPU.ActiveCfg = Debug|Any CPU
		{3428FFEC-8BD6-4BBF-9F4E-2F778F89BF55}.Debug|Any CPU.Build.0 = Debug|Any CPU
		{3428FFEC-8BD6-4BBF-9F4E-2F778F89BF55}.Release|Any CPU.ActiveCfg = Release|Any CPU
		{3428FFEC-8BD6-4BBF-9F4E-2F778F89BF55}.Release|Any CPU.Build.0 = Release|Any CPU
		{662A3465-09AC-4703-BBA7-806BC2BF57C7}.Debug|Any CPU.ActiveCfg = Debug|Any CPU
		{662A3465-09AC-4703-BBA7-806BC2BF57C7}.Debug|Any CPU.Build.0 = Debug|Any CPU
		{662A3465-09AC-4703-BBA7-806BC2BF57C7}.Release|Any CPU.ActiveCfg = Release|Any CPU
		{662A3465-09AC-4703-BBA7-806BC2BF57C7}.Release|Any CPU.Build.0 = Release|Any CPU
	EndGlobalSection
	GlobalSection(SolutionProperties) = preSolution
		HideSolutionNode = FALSE
	EndGlobalSection
	GlobalSection(NestedProjects) = preSolution
		{3428FFEC-8BD6-4BBF-9F4E-2F778F89BF55} = {1751F76F-3941-4274-A479-AB00CA71A365}
		{662A3465-09AC-4703-BBA7-806BC2BF57C7} = {20DA92C4-A389-4BE5-9F9F-4A149958B4D2}
		{DBF3B43F-3D00-4D70-9A03-E492F71CE936} = {181005EF-8FBF-45ED-9660-A137B51A7B22}
	EndGlobalSection
	GlobalSection(ExtensibilityGlobals) = postSolution
		SolutionGuid = {C4482E09-EDA4-4A0C-98F8-0670BDAD5558}
	EndGlobalSection
EndGlobal
